{
  "name": "chemical-Equation-Checker",
  "lockfileVersion": 2,
  "requires": true,
  "packages": {
    "": {
      "dependencies": {
        "flask": "^0.2.10",
        "project": "^0.1.6",
        "require": "^0.4.4",
        "spawner": "^0.0.1"
      }
    },
    "node_modules/flask": {
      "version": "0.2.10",
      "resolved": "https://registry.npmjs.org/flask/-/flask-0.2.10.tgz",
      "integrity": "sha512-Zy69KIuFsoX0o2W5uDHHk1GHMwRT8QT0AboPQY7b1soCfJ2pfwKxHF2AGVwJmDUjzawgOavoY/UsXnZ7fk3lVQ=="
    },
    "node_modules/project": {
      "version": "0.1.6",
      "resolved": "https://registry.npmjs.org/project/-/project-0.1.6.tgz",
      "integrity": "sha512-FwZWeyXMzcyCqd5tYFK/EAbpMfVwZPHpFPvPPyxdJnVu6viLzHehUMX4cTimm/oswMSdnVqY2a1naNM5jBF9qg==",
      "bin": {
        "project": "bin/project"
      },
      "engines": {
        "node": "*"
      }
    },
    "node_modules/require": {
      "version": "0.4.4",
      "resolved": "https://registry.npmjs.org/require/-/require-0.4.4.tgz",
      "integrity": "sha512-aCu6DCnZpKufLPwcXvXVf7rv9gXFojNBQvp/anIBIhTn8XLREnI/WTC4T4WPz4MYKFrRrJ1ocA76pMuH+laaMA==",
      "bin": {
        "require": "bin/require-command.js"
      },
      "engines": {
        "browsers": "*",
        "node": "*"
      }
    },
    "node_modules/spawner": {
      "version": "0.0.1",
      "resolved": "https://registry.npmjs.org/spawner/-/spawner-0.0.1.tgz",
      "integrity": "sha512-vDZNsNY3vks9YW5FzxLU/GmSTTdM9RhjTbsWS6yO2+yjljMKMVXJApvbYujhI4JWCpnY0Je3692DmbidNYZ6aw=="
    }
  },
  "dependencies": {
    "flask": {
      "version": "0.2.10",
      "resolved": "https://registry.npmjs.org/flask/-/flask-0.2.10.tgz",
      "integrity": "sha512-Zy69KIuFsoX0o2W5uDHHk1GHMwRT8QT0AboPQY7b1soCfJ2pfwKxHF2AGVwJmDUjzawgOavoY/UsXnZ7fk3lVQ=="
    },
    "project": {
      "version": "0.1.6",
      "resolved": "https://registry.npmjs.org/project/-/project-0.1.6.tgz",
      "integrity": "sha512-FwZWeyXMzcyCqd5tYFK/EAbpMfVwZPHpFPvPPyxdJnVu6viLzHehUMX4cTimm/oswMSdnVqY2a1naNM5jBF9qg=="
    },
    "require": {
      "version": "0.4.4",
      "resolved": "https://registry.npmjs.org/require/-/require-0.4.4.tgz",
      "integrity": "sha512-aCu6DCnZpKufLPwcXvXVf7rv9gXFojNBQvp/anIBIhTn8XLREnI/WTC4T4WPz4MYKFrRrJ1ocA76pMuH+laaMA=="
    },
    "spawner": {
      "version": "0.0.1",
      "resolved": "https://registry.npmjs.org/spawner/-/spawner-0.0.1.tgz",
      "integrity": "sha512-vDZNsNY3vks9YW5FzxLU/GmSTTdM9RhjTbsWS6yO2+yjljMKMVXJApvbYujhI4JWCpnY0Je3692DmbidNYZ6aw=="
    }
  }
}
